
Microsoft Visual Studio Solution File, Format Version 12.00
# Visual Studio 14
VisualStudioVersion = 14.0.25420.1
MinimumVisualStudioVersion = 10.0.40219.1
Project("{FAE04EC0-301F-11D3-BF4B-00C04F79EFBC}") = "EventDispatcher", "EventDispatcher\EventDispatcher.csproj", "{301398BF-5B85-4A0D-8904-26ECE3C4B7B9}"
EndProject
Project("{FAE04EC0-301F-11D3-BF4B-00C04F79EFBC}") = "EventHandler", "EventHandler\EventHandler.csproj", "{22169BE5-F58C-4C81-9FCF-18040C82C610}"
EndProject
Project("{FAE04EC0-301F-11D3-BF4B-00C04F79EFBC}") = "Models", "Models\Models.csproj", "{3A50321C-8E2B-47D9-83F1-934559E80AB9}"
EndProject
Global
	GlobalSection(SolutionConfigurationPlatforms) = preSolution
		Debug|Any CPU = Debug|Any CPU
		Release|Any CPU = Release|Any CPU
	EndGlobalSection
	GlobalSection(ProjectConfigurationPlatforms) = postSolution
		{301398BF-5B85-4A0D-8904-26ECE3C4B7B9}.Debug|Any CPU.ActiveCfg = Debug|Any CPU
		{301398BF-5B85-4A0D-8904-26ECE3C4B7B9}.Debug|Any CPU.Build.0 = Debug|Any CPU
		{301398BF-5B85-4A0D-8904-26ECE3C4B7B9}.Release|Any CPU.ActiveCfg = Release|Any CPU
		{301398BF-5B85-4A0D-8904-26ECE3C4B7B9}.Release|Any CPU.Build.0 = Release|Any CPU
		{22169BE5-F58C-4C81-9FCF-18040C82C610}.Debug|Any CPU.ActiveCfg = Debug|Any CPU
		{22169BE5-F58C-4C81-9FCF-18040C82C610}.Debug|Any CPU.Build.0 = Debug|Any CPU
		{22169BE5-F58C-4C81-9FCF-18040C82C610}.Release|Any CPU.ActiveCfg = Release|Any CPU
		{22169BE5-F58C-4C81-9FCF-18040C82C610}.Release|Any CPU.Build.0 = Release|Any CPU
		{3A50321C-8E2B-47D9-83F1-934559E80AB9}.Debug|Any CPU.ActiveCfg = Debug|Any CPU
		{3A50321C-8E2B-47D9-83F1-934559E80AB9}.Debug|Any CPU.Build.0 = Debug|Any CPU
		{3A50321C-8E2B-47D9-83F1-934559E80AB9}.Release|Any CPU.ActiveCfg = Release|Any CPU
		{3A50321C-8E2B-47D9-83F1-934559E80AB9}.Release|Any CPU.Build.0 = Release|Any CPU
	EndGlobalSection
	GlobalSection(SolutionProperties) = preSolution
		HideSolutionNode = FALSE
	EndGlobalSection
EndGlobal
